
Microsoft Visual Studio Solution File, Format Version 12.00
# Visual Studio 2012
Project("{8BC9CEB8-8B4A-11D0-8D11-00A0C91BC942}") = "MMEAD", "MMEAD\MMEAD.vcxproj", "{92E1C1C0-CAAA-4DFB-BC1F-4FBEA20F9BDA}"
EndProject
Global
	GlobalSection(SolutionConfigurationPlatforms) = preSolution
		Debug|Win32 = Debug|Win32
		Release|Win32 = Release|Win32
	EndGlobalSection
	GlobalSection(ProjectConfigurationPlatforms) = postSolution
		{92E1C1C0-CAAA-4DFB-BC1F-4FBEA20F9BDA}.Debug|Win32.ActiveCfg = Debug|Win32
		{92E1C1C0-CAAA-4DFB-BC1F-4FBEA20F9BDA}.Debug|Win32.Build.0 = Debug|Win32
		{92E1C1C0-CAAA-4DFB-BC1F-4FBEA20F9BDA}.Release|Win32.ActiveCfg = Release|Win32
		{92E1C1C0-CAAA-4DFB-BC1F-4FBEA20F9BDA}.Release|Win32.Build.0 = Release|Win32
	EndGlobalSection
	GlobalSection(SolutionProperties) = preSolution
		HideSolutionNode = FALSE
	EndGlobalSection
EndGlobal
