<?xml version="1.0" encoding="utf-8"?>
<Project ToolsVersion="4.0" xmlns="http://schemas.microsoft.com/developer/msbuild/2003">
  <ItemGroup>
    <Filter Include="头文件">
      <UniqueIdentifier>{d5435b28-2952-4ac0-bdb0-04e42c636bf8}</UniqueIdentifier>
    </Filter>
    <Filter Include="源文件">
      <UniqueIdentifier>{4c00efc6-9659-469d-b4bb-18784f8af12b}</UniqueIdentifier>
    </Filter>
    <Filter Include="资源文件">
      <UniqueIdentifier>{c1c1a276-4ca0-4cc4-94c2-08988ac31c94}</UniqueIdentifier>
    </Filter>
  </ItemGroup>
  <ItemGroup>
    <ClCompile Include="DBModule.cpp">
      <Filter>源文件</Filter>
    </ClCompile>
    <ClCompile Include="DBQuery.cpp">
      <Filter>源文件</Filter>
    </ClCompile>
    <ClCompile Include="GameRoom.cpp">
      <Filter>源文件</Filter>
    </ClCompile>
    <ClCompile Include="GameTable.cpp">
      <Filter>源文件</Filter>
    </ClCompile>
    <ClCompile Include="MiniDumper.cpp">
      <Filter>源文件</Filter>
    </ClCompile>
    <ClCompile Include="SangongServer.cpp">
      <Filter>源文件</Filter>
    </ClCompile>
    <ClCompile Include="stdafx.cpp">
      <Filter>源文件</Filter>
    </ClCompile>
    <ClCompile Include="TrunkServer.cpp">
      <Filter>源文件</Filter>
    </ClCompile>
    <ClCompile Include="ConnectCenterServer.cpp">
      <Filter>源文件</Filter>
    </ClCompile>
    <ClCompile Include="GameLogic.cpp">
      <Filter>源文件</Filter>
    </ClCompile>
    <ClCompile Include="GameStateMgr.cpp">
      <Filter>源文件</Filter>
    </ClCompile>
    <ClCompile Include="Config.cpp">
      <Filter>源文件</Filter>
    </ClCompile>
    <ClCompile Include="..\..\..\common\TinyXml\tinystr.cpp">
      <Filter>源文件</Filter>
    </ClCompile>
    <ClCompile Include="..\..\..\common\TinyXml\tinyxml.cpp">
      <Filter>源文件</Filter>
    </ClCompile>
    <ClCompile Include="..\..\..\common\TinyXml\tinyxmlerror.cpp">
      <Filter>源文件</Filter>
    </ClCompile>
    <ClCompile Include="..\..\..\common\TinyXml\tinyxmlparser.cpp">
      <Filter>源文件</Filter>
    </ClCompile>
  </ItemGroup>
  <ItemGroup>
    <ClInclude Include="DBModule.h">
      <Filter>头文件</Filter>
    </ClInclude>
    <ClInclude Include="DBQuery.h">
      <Filter>头文件</Filter>
    </ClInclude>
    <ClInclude Include="GameRoom.h">
      <Filter>头文件</Filter>
    </ClInclude>
    <ClInclude Include="GameTable.h">
      <Filter>头文件</Filter>
    </ClInclude>
    <ClInclude Include="MiniDumper.h">
      <Filter>头文件</Filter>
    </ClInclude>
    <ClInclude Include="resource.h">
      <Filter>头文件</Filter>
    </ClInclude>
    <ClInclude Include="stdafx.h">
      <Filter>头文件</Filter>
    </ClInclude>
    <ClInclude Include="targetver.h">
      <Filter>头文件</Filter>
    </ClInclude>
    <ClInclude Include="TrunkServer.h">
      <Filter>头文件</Filter>
    </ClInclude>
    <ClInclude Include="xorstr.h">
      <Filter>头文件</Filter>
    </ClInclude>
    <ClInclude Include="ConnectCenterServer.h">
      <Filter>头文件</Filter>
    </ClInclude>
    <ClInclude Include="..\..\..\APP_HEAD\CMD_InnerServer.h">
      <Filter>头文件</Filter>
    </ClInclude>
    <ClInclude Include="..\GameMsg\CMD_SanGong.h">
      <Filter>头文件</Filter>
    </ClInclude>
    <ClInclude Include="GameLogic.h">
      <Filter>头文件</Filter>
    </ClInclude>
    <ClInclude Include="GameStateMgr.h">
      <Filter>头文件</Filter>
    </ClInclude>
    <ClInclude Include="Config.h">
      <Filter>头文件</Filter>
    </ClInclude>
    <ClInclude Include="..\..\..\common\TinyXml\tinystr.h">
      <Filter>头文件</Filter>
    </ClInclude>
    <ClInclude Include="..\..\..\common\TinyXml\tinyxml.h">
      <Filter>头文件</Filter>
    </ClInclude>
  </ItemGroup>
  <ItemGroup>
    <ResourceCompile Include="SangongServer.rc">
      <Filter>资源文件</Filter>
    </ResourceCompile>
  </ItemGroup>
</Project>