
Microsoft Visual Studio Solution File, Format Version 11.00
# Visual Studio 2010
Project("{8BC9CEB8-8B4A-11D0-8D11-00A0C91BC942}") = "libBox2D", "external\Box2D\proj.win32\Box2D.vcxproj", "{929480E7-23C0-4DF6-8456-096D71547116}"
EndProject
Project("{8BC9CEB8-8B4A-11D0-8D11-00A0C91BC942}") = "libchipmunk", "external\chipmunk\proj.win32\chipmunk.vcxproj", "{207BC7A9-CCF1-4F2F-A04D-45F72242AE25}"
EndProject
Project("{8BC9CEB8-8B4A-11D0-8D11-00A0C91BC942}") = "libCocosDenshion", "CocosDenshion\proj.win32\CocosDenshion.vcxproj", "{F8EDD7FA-9A51-4E80-BAEB-860825D2EAC6}"
EndProject
Project("{8BC9CEB8-8B4A-11D0-8D11-00A0C91BC942}") = "libcocos2d", "cocos2dx\proj.win32\cocos2d.vcxproj", "{98A51BA8-FC3A-415B-AC8F-8C7BD464E93E}"
EndProject
Project("{8BC9CEB8-8B4A-11D0-8D11-00A0C91BC942}") = "liblua", "scripting\lua\proj.win32\liblua.vcxproj", "{DDC3E27F-004D-4DD4-9DD3-931A013D2159}"
EndProject
Project("{8BC9CEB8-8B4A-11D0-8D11-00A0C91BC942}") = "HelloLua", "samples\HelloLua\proj.win32\HelloLua.vcxproj", "{13E55395-94A2-4CD9-BFC2-1A051F80C17D}"
EndProject
Project("{8BC9CEB8-8B4A-11D0-8D11-00A0C91BC942}") = "TestCpp", "samples\TestCpp\proj.win32\TestCpp.vcxproj", "{76A39BB2-9B84-4C65-98A5-654D86B86F2A}"
EndProject
Project("{8BC9CEB8-8B4A-11D0-8D11-00A0C91BC942}") = "TestJavascript", "samples\TestJavascript\proj.win32\TestJavascript.vcxproj", "{D0F06A44-A245-4D13-A498-0120C203B539}"
	ProjectSection(ProjectDependencies) = postProject
		{21B2C324-891F-48EA-AD1A-5AE13DE12E28} = {21B2C324-891F-48EA-AD1A-5AE13DE12E28}
		{207BC7A9-CCF1-4F2F-A04D-45F72242AE25} = {207BC7A9-CCF1-4F2F-A04D-45F72242AE25}
	EndProjectSection
EndProject
Project("{8BC9CEB8-8B4A-11D0-8D11-00A0C91BC942}") = "libExtensions", "extensions\proj.win32\libExtensions.vcxproj", "{21B2C324-891F-48EA-AD1A-5AE13DE12E28}"
EndProject
Project("{8BC9CEB8-8B4A-11D0-8D11-00A0C91BC942}") = "TestLua", "samples\TestLua\proj.win32\TestLua.win32.vcxproj", "{4E6A7A0E-DDD8-4BAA-8B22-C964069364ED}"
	ProjectSection(ProjectDependencies) = postProject
		{21B2C324-891F-48EA-AD1A-5AE13DE12E28} = {21B2C324-891F-48EA-AD1A-5AE13DE12E28}
		{DDC3E27F-004D-4DD4-9DD3-931A013D2159} = {DDC3E27F-004D-4DD4-9DD3-931A013D2159}
		{98A51BA8-FC3A-415B-AC8F-8C7BD464E93E} = {98A51BA8-FC3A-415B-AC8F-8C7BD464E93E}
		{207BC7A9-CCF1-4F2F-A04D-45F72242AE25} = {207BC7A9-CCF1-4F2F-A04D-45F72242AE25}
		{929480E7-23C0-4DF6-8456-096D71547116} = {929480E7-23C0-4DF6-8456-096D71547116}
		{F8EDD7FA-9A51-4E80-BAEB-860825D2EAC6} = {F8EDD7FA-9A51-4E80-BAEB-860825D2EAC6}
	EndProjectSection
EndProject
Project("{8BC9CEB8-8B4A-11D0-8D11-00A0C91BC942}") = "Tutorials", "samples\Tutorials\proj.win32\Tutorials.vcxproj", "{5A0A05D3-688E-47FA-BE8C-45D53AAE73EB}"
EndProject
Project("{8BC9CEB8-8B4A-11D0-8D11-00A0C91BC942}") = "Testing.win32", "..\TREXPush\Testing\proj.win32\Testing.win32.vcxproj", "{C9F5D88B-B0E8-4C4F-BDAC-A93F642839D4}"
EndProject
Project("{8BC9CEB8-8B4A-11D0-8D11-00A0C91BC942}") = "HelloWorld20140906", "samples\HelloWorld_2.0.3_20140906\proj.win32\HelloWorld20140906.win32.vcxproj", "{B8BF9E81-35FD-4582-BA1C-B85FA365BABB}"
EndProject
Project("{8BC9CEB8-8B4A-11D0-8D11-00A0C91BC942}") = "HelloWorld", "samples\HelloWorld_2.0.3_20140906Fish\proj.win32\HelloWorld.win32.vcxproj", "{C8A3FA05-9801-475E-A117-A0F9508E0080}"
EndProject
Project("{8BC9CEB8-8B4A-11D0-8D11-00A0C91BC942}") = "TRexPushups", "samples\HelloCpp\proj.win32\HelloCpp.vcxproj", "{BF4B8949-8455-46BE-9BEA-3F40D626B67A}"
EndProject
Project("{8BC9CEB8-8B4A-11D0-8D11-00A0C91BC942}") = "HelloUI.win32", "samples\HelloUI\proj.win32\HelloUI.win32.vcxproj", "{1090BAAC-5FDC-4AEE-B7F6-40A99A5BAC5D}"
EndProject
Project("{8BC9CEB8-8B4A-11D0-8D11-00A0C91BC942}") = "HelloShader.win32", "samples\HelloShader\proj.win32\HelloShader.win32.vcxproj", "{F4702572-8F43-4EEB-8BA3-E0424FE334EE}"
EndProject
Project("{8BC9CEB8-8B4A-11D0-8D11-00A0C91BC942}") = "CCControl.win32", "samples\CCControl\proj.win32\CCControl.win32.vcxproj", "{A97682D5-F913-4872-8F59-FD3D9D2883D5}"
EndProject
Project("{8BC9CEB8-8B4A-11D0-8D11-00A0C91BC942}") = "TextInputTest", "samples\TextInputTest\proj.win32\TextInputTest.vcxproj", "{5A9980DD-D7A1-45AD-8B5C-40AA3218D388}"
EndProject
Project("{8BC9CEB8-8B4A-11D0-8D11-00A0C91BC942}") = "HelloAction.win32", "samples\HelloAction\win32\HelloAction.win32.vcxproj", "{46D51932-E200-454A-AFFF-4DBCF2969248}"
EndProject
Project("{8BC9CEB8-8B4A-11D0-8D11-00A0C91BC942}") = "ClickAndMoveTest.win32", "samples\ClickAndMoveTest\proj.win32\ClickAndMoveTest.win32.vcxproj", "{1D3CD5DB-BF1D-476C-BF18-BC8321007F1F}"
EndProject
Global
	GlobalSection(SolutionConfigurationPlatforms) = preSolution
		Debug|Win32 = Debug|Win32
		Debug|x64 = Debug|x64
		Release|Win32 = Release|Win32
		Release|x64 = Release|x64
		XMLTest|Win32 = XMLTest|Win32
		XMLTest|x64 = XMLTest|x64
		XMLTesting|Win32 = XMLTesting|Win32
		XMLTesting|x64 = XMLTesting|x64
	EndGlobalSection
	GlobalSection(ProjectConfigurationPlatforms) = postSolution
		{929480E7-23C0-4DF6-8456-096D71547116}.Debug|Win32.ActiveCfg = Debug|Win32
		{929480E7-23C0-4DF6-8456-096D71547116}.Debug|Win32.Build.0 = Debug|Win32
		{929480E7-23C0-4DF6-8456-096D71547116}.Debug|x64.ActiveCfg = Debug|Win32
		{929480E7-23C0-4DF6-8456-096D71547116}.Release|Win32.ActiveCfg = Release|Win32
		{929480E7-23C0-4DF6-8456-096D71547116}.Release|Win32.Build.0 = Release|Win32
		{929480E7-23C0-4DF6-8456-096D71547116}.Release|x64.ActiveCfg = Release|Win32
		{929480E7-23C0-4DF6-8456-096D71547116}.XMLTest|Win32.ActiveCfg = Debug|Win32
		{929480E7-23C0-4DF6-8456-096D71547116}.XMLTest|Win32.Build.0 = Debug|Win32
		{929480E7-23C0-4DF6-8456-096D71547116}.XMLTest|x64.ActiveCfg = XMLTest|Win32
		{929480E7-23C0-4DF6-8456-096D71547116}.XMLTesting|Win32.ActiveCfg = Debug|Win32
		{929480E7-23C0-4DF6-8456-096D71547116}.XMLTesting|Win32.Build.0 = Debug|Win32
		{929480E7-23C0-4DF6-8456-096D71547116}.XMLTesting|x64.ActiveCfg = XMLTesting|Win32
		{207BC7A9-CCF1-4F2F-A04D-45F72242AE25}.Debug|Win32.ActiveCfg = Debug|Win32
		{207BC7A9-CCF1-4F2F-A04D-45F72242AE25}.Debug|Win32.Build.0 = Debug|Win32
		{207BC7A9-CCF1-4F2F-A04D-45F72242AE25}.Debug|x64.ActiveCfg = Debug|Win32
		{207BC7A9-CCF1-4F2F-A04D-45F72242AE25}.Release|Win32.ActiveCfg = Release|Win32
		{207BC7A9-CCF1-4F2F-A04D-45F72242AE25}.Release|Win32.Build.0 = Release|Win32
		{207BC7A9-CCF1-4F2F-A04D-45F72242AE25}.Release|x64.ActiveCfg = Release|Win32
		{207BC7A9-CCF1-4F2F-A04D-45F72242AE25}.XMLTest|Win32.ActiveCfg = Release|Win32
		{207BC7A9-CCF1-4F2F-A04D-45F72242AE25}.XMLTest|x64.ActiveCfg = Release|Win32
		{207BC7A9-CCF1-4F2F-A04D-45F72242AE25}.XMLTesting|Win32.ActiveCfg = Release|Win32
		{207BC7A9-CCF1-4F2F-A04D-45F72242AE25}.XMLTesting|x64.ActiveCfg = Release|Win32
		{F8EDD7FA-9A51-4E80-BAEB-860825D2EAC6}.Debug|Win32.ActiveCfg = Debug|Win32
		{F8EDD7FA-9A51-4E80-BAEB-860825D2EAC6}.Debug|Win32.Build.0 = Debug|Win32
		{F8EDD7FA-9A51-4E80-BAEB-860825D2EAC6}.Debug|x64.ActiveCfg = Debug|Win32
		{F8EDD7FA-9A51-4E80-BAEB-860825D2EAC6}.Release|Win32.ActiveCfg = Release|Win32
		{F8EDD7FA-9A51-4E80-BAEB-860825D2EAC6}.Release|Win32.Build.0 = Release|Win32
		{F8EDD7FA-9A51-4E80-BAEB-860825D2EAC6}.Release|x64.ActiveCfg = Release|Win32
		{F8EDD7FA-9A51-4E80-BAEB-860825D2EAC6}.XMLTest|Win32.ActiveCfg = Debug|Win32
		{F8EDD7FA-9A51-4E80-BAEB-860825D2EAC6}.XMLTest|Win32.Build.0 = Debug|Win32
		{F8EDD7FA-9A51-4E80-BAEB-860825D2EAC6}.XMLTest|x64.ActiveCfg = XMLTest|Win32
		{F8EDD7FA-9A51-4E80-BAEB-860825D2EAC6}.XMLTesting|Win32.ActiveCfg = Debug|Win32
		{F8EDD7FA-9A51-4E80-BAEB-860825D2EAC6}.XMLTesting|Win32.Build.0 = Debug|Win32
		{F8EDD7FA-9A51-4E80-BAEB-860825D2EAC6}.XMLTesting|x64.ActiveCfg = XMLTesting|Win32
		{98A51BA8-FC3A-415B-AC8F-8C7BD464E93E}.Debug|Win32.ActiveCfg = Debug|Win32
		{98A51BA8-FC3A-415B-AC8F-8C7BD464E93E}.Debug|Win32.Build.0 = Debug|Win32
		{98A51BA8-FC3A-415B-AC8F-8C7BD464E93E}.Debug|x64.ActiveCfg = Debug|Win32
		{98A51BA8-FC3A-415B-AC8F-8C7BD464E93E}.Release|Win32.ActiveCfg = Release|Win32
		{98A51BA8-FC3A-415B-AC8F-8C7BD464E93E}.Release|Win32.Build.0 = Release|Win32
		{98A51BA8-FC3A-415B-AC8F-8C7BD464E93E}.Release|x64.ActiveCfg = Release|Win32
		{98A51BA8-FC3A-415B-AC8F-8C7BD464E93E}.XMLTest|Win32.ActiveCfg = Debug|Win32
		{98A51BA8-FC3A-415B-AC8F-8C7BD464E93E}.XMLTest|Win32.Build.0 = Debug|Win32
		{98A51BA8-FC3A-415B-AC8F-8C7BD464E93E}.XMLTest|x64.ActiveCfg = XMLTest|Win32
		{98A51BA8-FC3A-415B-AC8F-8C7BD464E93E}.XMLTesting|Win32.ActiveCfg = Debug|Win32
		{98A51BA8-FC3A-415B-AC8F-8C7BD464E93E}.XMLTesting|Win32.Build.0 = Debug|Win32
		{98A51BA8-FC3A-415B-AC8F-8C7BD464E93E}.XMLTesting|x64.ActiveCfg = XMLTesting|Win32
		{DDC3E27F-004D-4DD4-9DD3-931A013D2159}.Debug|Win32.ActiveCfg = Debug|Win32
		{DDC3E27F-004D-4DD4-9DD3-931A013D2159}.Debug|Win32.Build.0 = Debug|Win32
		{DDC3E27F-004D-4DD4-9DD3-931A013D2159}.Debug|x64.ActiveCfg = Debug|Win32
		{DDC3E27F-004D-4DD4-9DD3-931A013D2159}.Release|Win32.ActiveCfg = Release|Win32
		{DDC3E27F-004D-4DD4-9DD3-931A013D2159}.Release|Win32.Build.0 = Release|Win32
		{DDC3E27F-004D-4DD4-9DD3-931A013D2159}.Release|x64.ActiveCfg = Release|Win32
		{DDC3E27F-004D-4DD4-9DD3-931A013D2159}.XMLTest|Win32.ActiveCfg = Debug|Win32
		{DDC3E27F-004D-4DD4-9DD3-931A013D2159}.XMLTest|Win32.Build.0 = Debug|Win32
		{DDC3E27F-004D-4DD4-9DD3-931A013D2159}.XMLTest|x64.ActiveCfg = XMLTest|Win32
		{DDC3E27F-004D-4DD4-9DD3-931A013D2159}.XMLTesting|Win32.ActiveCfg = Debug|Win32
		{DDC3E27F-004D-4DD4-9DD3-931A013D2159}.XMLTesting|Win32.Build.0 = Debug|Win32
		{DDC3E27F-004D-4DD4-9DD3-931A013D2159}.XMLTesting|x64.ActiveCfg = XMLTesting|Win32
		{13E55395-94A2-4CD9-BFC2-1A051F80C17D}.Debug|Win32.ActiveCfg = Debug|Win32
		{13E55395-94A2-4CD9-BFC2-1A051F80C17D}.Debug|Win32.Build.0 = Debug|Win32
		{13E55395-94A2-4CD9-BFC2-1A051F80C17D}.Debug|x64.ActiveCfg = Debug|Win32
		{13E55395-94A2-4CD9-BFC2-1A051F80C17D}.Release|Win32.ActiveCfg = Release|Win32
		{13E55395-94A2-4CD9-BFC2-1A051F80C17D}.Release|Win32.Build.0 = Release|Win32
		{13E55395-94A2-4CD9-BFC2-1A051F80C17D}.Release|x64.ActiveCfg = Release|Win32
		{13E55395-94A2-4CD9-BFC2-1A051F80C17D}.XMLTest|Win32.ActiveCfg = Debug|Win32
		{13E55395-94A2-4CD9-BFC2-1A051F80C17D}.XMLTest|Win32.Build.0 = Debug|Win32
		{13E55395-94A2-4CD9-BFC2-1A051F80C17D}.XMLTest|x64.ActiveCfg = XMLTest|Win32
		{13E55395-94A2-4CD9-BFC2-1A051F80C17D}.XMLTesting|Win32.ActiveCfg = Debug|Win32
		{13E55395-94A2-4CD9-BFC2-1A051F80C17D}.XMLTesting|Win32.Build.0 = Debug|Win32
		{13E55395-94A2-4CD9-BFC2-1A051F80C17D}.XMLTesting|x64.ActiveCfg = XMLTesting|Win32
		{76A39BB2-9B84-4C65-98A5-654D86B86F2A}.Debug|Win32.ActiveCfg = Debug|Win32
		{76A39BB2-9B84-4C65-98A5-654D86B86F2A}.Debug|Win32.Build.0 = Debug|Win32
		{76A39BB2-9B84-4C65-98A5-654D86B86F2A}.Debug|x64.ActiveCfg = Debug|Win32
		{76A39BB2-9B84-4C65-98A5-654D86B86F2A}.Release|Win32.ActiveCfg = Release|Win32
		{76A39BB2-9B84-4C65-98A5-654D86B86F2A}.Release|Win32.Build.0 = Release|Win32
		{76A39BB2-9B84-4C65-98A5-654D86B86F2A}.Release|x64.ActiveCfg = Release|Win32
		{76A39BB2-9B84-4C65-98A5-654D86B86F2A}.XMLTest|Win32.ActiveCfg = Debug|Win32
		{76A39BB2-9B84-4C65-98A5-654D86B86F2A}.XMLTest|Win32.Build.0 = Debug|Win32
		{76A39BB2-9B84-4C65-98A5-654D86B86F2A}.XMLTest|x64.ActiveCfg = XMLTest|Win32
		{76A39BB2-9B84-4C65-98A5-654D86B86F2A}.XMLTesting|Win32.ActiveCfg = Debug|Win32
		{76A39BB2-9B84-4C65-98A5-654D86B86F2A}.XMLTesting|Win32.Build.0 = Debug|Win32
		{76A39BB2-9B84-4C65-98A5-654D86B86F2A}.XMLTesting|x64.ActiveCfg = XMLTesting|Win32
		{D0F06A44-A245-4D13-A498-0120C203B539}.Debug|Win32.ActiveCfg = Debug|Win32
		{D0F06A44-A245-4D13-A498-0120C203B539}.Debug|Win32.Build.0 = Debug|Win32
		{D0F06A44-A245-4D13-A498-0120C203B539}.Debug|x64.ActiveCfg = Debug|Win32
		{D0F06A44-A245-4D13-A498-0120C203B539}.Release|Win32.ActiveCfg = Release|Win32
		{D0F06A44-A245-4D13-A498-0120C203B539}.Release|Win32.Build.0 = Release|Win32
		{D0F06A44-A245-4D13-A498-0120C203B539}.Release|x64.ActiveCfg = Release|Win32
		{D0F06A44-A245-4D13-A498-0120C203B539}.XMLTest|Win32.ActiveCfg = Debug|Win32
		{D0F06A44-A245-4D13-A498-0120C203B539}.XMLTest|Win32.Build.0 = Debug|Win32
		{D0F06A44-A245-4D13-A498-0120C203B539}.XMLTest|x64.ActiveCfg = XMLTest|Win32
		{D0F06A44-A245-4D13-A498-0120C203B539}.XMLTesting|Win32.ActiveCfg = Debug|Win32
		{D0F06A44-A245-4D13-A498-0120C203B539}.XMLTesting|Win32.Build.0 = Debug|Win32
		{D0F06A44-A245-4D13-A498-0120C203B539}.XMLTesting|x64.ActiveCfg = XMLTesting|Win32
		{21B2C324-891F-48EA-AD1A-5AE13DE12E28}.Debug|Win32.ActiveCfg = Debug|Win32
		{21B2C324-891F-48EA-AD1A-5AE13DE12E28}.Debug|Win32.Build.0 = Debug|Win32
		{21B2C324-891F-48EA-AD1A-5AE13DE12E28}.Debug|x64.ActiveCfg = Debug|Win32
		{21B2C324-891F-48EA-AD1A-5AE13DE12E28}.Release|Win32.ActiveCfg = Release|Win32
		{21B2C324-891F-48EA-AD1A-5AE13DE12E28}.Release|Win32.Build.0 = Release|Win32
		{21B2C324-891F-48EA-AD1A-5AE13DE12E28}.Release|x64.ActiveCfg = Release|Win32
		{21B2C324-891F-48EA-AD1A-5AE13DE12E28}.XMLTest|Win32.ActiveCfg = Debug|Win32
		{21B2C324-891F-48EA-AD1A-5AE13DE12E28}.XMLTest|Win32.Build.0 = Debug|Win32
		{21B2C324-891F-48EA-AD1A-5AE13DE12E28}.XMLTest|x64.ActiveCfg = XMLTest|Win32
		{21B2C324-891F-48EA-AD1A-5AE13DE12E28}.XMLTesting|Win32.ActiveCfg = Debug|Win32
		{21B2C324-891F-48EA-AD1A-5AE13DE12E28}.XMLTesting|Win32.Build.0 = Debug|Win32
		{21B2C324-891F-48EA-AD1A-5AE13DE12E28}.XMLTesting|x64.ActiveCfg = XMLTesting|Win32
		{4E6A7A0E-DDD8-4BAA-8B22-C964069364ED}.Debug|Win32.ActiveCfg = Debug|Win32
		{4E6A7A0E-DDD8-4BAA-8B22-C964069364ED}.Debug|Win32.Build.0 = Debug|Win32
		{4E6A7A0E-DDD8-4BAA-8B22-C964069364ED}.Debug|x64.ActiveCfg = Debug|Win32
		{4E6A7A0E-DDD8-4BAA-8B22-C964069364ED}.Release|Win32.ActiveCfg = Release|Win32
		{4E6A7A0E-DDD8-4BAA-8B22-C964069364ED}.Release|Win32.Build.0 = Release|Win32
		{4E6A7A0E-DDD8-4BAA-8B22-C964069364ED}.Release|x64.ActiveCfg = Release|Win32
		{4E6A7A0E-DDD8-4BAA-8B22-C964069364ED}.XMLTest|Win32.ActiveCfg = Debug|Win32
		{4E6A7A0E-DDD8-4BAA-8B22-C964069364ED}.XMLTest|Win32.Build.0 = Debug|Win32
		{4E6A7A0E-DDD8-4BAA-8B22-C964069364ED}.XMLTest|x64.ActiveCfg = XMLTest|Win32
		{4E6A7A0E-DDD8-4BAA-8B22-C964069364ED}.XMLTesting|Win32.ActiveCfg = Debug|Win32
		{4E6A7A0E-DDD8-4BAA-8B22-C964069364ED}.XMLTesting|Win32.Build.0 = Debug|Win32
		{4E6A7A0E-DDD8-4BAA-8B22-C964069364ED}.XMLTesting|x64.ActiveCfg = XMLTesting|Win32
		{5A0A05D3-688E-47FA-BE8C-45D53AAE73EB}.Debug|Win32.ActiveCfg = Debug|Win32
		{5A0A05D3-688E-47FA-BE8C-45D53AAE73EB}.Debug|Win32.Build.0 = Debug|Win32
		{5A0A05D3-688E-47FA-BE8C-45D53AAE73EB}.Debug|x64.ActiveCfg = Debug|Win32
		{5A0A05D3-688E-47FA-BE8C-45D53AAE73EB}.Release|Win32.ActiveCfg = Release|Win32
		{5A0A05D3-688E-47FA-BE8C-45D53AAE73EB}.Release|Win32.Build.0 = Release|Win32
		{5A0A05D3-688E-47FA-BE8C-45D53AAE73EB}.Release|x64.ActiveCfg = Release|Win32
		{5A0A05D3-688E-47FA-BE8C-45D53AAE73EB}.XMLTest|Win32.ActiveCfg = Debug|Win32
		{5A0A05D3-688E-47FA-BE8C-45D53AAE73EB}.XMLTest|Win32.Build.0 = Debug|Win32
		{5A0A05D3-688E-47FA-BE8C-45D53AAE73EB}.XMLTest|x64.ActiveCfg = XMLTest|Win32
		{5A0A05D3-688E-47FA-BE8C-45D53AAE73EB}.XMLTesting|Win32.ActiveCfg = Debug|Win32
		{5A0A05D3-688E-47FA-BE8C-45D53AAE73EB}.XMLTesting|Win32.Build.0 = Debug|Win32
		{5A0A05D3-688E-47FA-BE8C-45D53AAE73EB}.XMLTesting|x64.ActiveCfg = XMLTesting|Win32
		{C9F5D88B-B0E8-4C4F-BDAC-A93F642839D4}.Debug|Win32.ActiveCfg = Debug|Win32
		{C9F5D88B-B0E8-4C4F-BDAC-A93F642839D4}.Debug|Win32.Build.0 = Debug|Win32
		{C9F5D88B-B0E8-4C4F-BDAC-A93F642839D4}.Debug|x64.ActiveCfg = Debug|Win32
		{C9F5D88B-B0E8-4C4F-BDAC-A93F642839D4}.Release|Win32.ActiveCfg = Release|Win32
		{C9F5D88B-B0E8-4C4F-BDAC-A93F642839D4}.Release|Win32.Build.0 = Release|Win32
		{C9F5D88B-B0E8-4C4F-BDAC-A93F642839D4}.Release|x64.ActiveCfg = Release|Win32
		{C9F5D88B-B0E8-4C4F-BDAC-A93F642839D4}.XMLTest|Win32.ActiveCfg = Release|Win32
		{C9F5D88B-B0E8-4C4F-BDAC-A93F642839D4}.XMLTest|Win32.Build.0 = Release|Win32
		{C9F5D88B-B0E8-4C4F-BDAC-A93F642839D4}.XMLTest|x64.ActiveCfg = Release|Win32
		{C9F5D88B-B0E8-4C4F-BDAC-A93F642839D4}.XMLTesting|Win32.ActiveCfg = Release|Win32
		{C9F5D88B-B0E8-4C4F-BDAC-A93F642839D4}.XMLTesting|Win32.Build.0 = Release|Win32
		{C9F5D88B-B0E8-4C4F-BDAC-A93F642839D4}.XMLTesting|x64.ActiveCfg = Release|Win32
		{B8BF9E81-35FD-4582-BA1C-B85FA365BABB}.Debug|Win32.ActiveCfg = Debug|Win32
		{B8BF9E81-35FD-4582-BA1C-B85FA365BABB}.Debug|Win32.Build.0 = Debug|Win32
		{B8BF9E81-35FD-4582-BA1C-B85FA365BABB}.Debug|x64.ActiveCfg = Debug|Win32
		{B8BF9E81-35FD-4582-BA1C-B85FA365BABB}.Release|Win32.ActiveCfg = Release|Win32
		{B8BF9E81-35FD-4582-BA1C-B85FA365BABB}.Release|Win32.Build.0 = Release|Win32
		{B8BF9E81-35FD-4582-BA1C-B85FA365BABB}.Release|x64.ActiveCfg = Release|Win32
		{B8BF9E81-35FD-4582-BA1C-B85FA365BABB}.XMLTest|Win32.ActiveCfg = Release|Win32
		{B8BF9E81-35FD-4582-BA1C-B85FA365BABB}.XMLTest|Win32.Build.0 = Release|Win32
		{B8BF9E81-35FD-4582-BA1C-B85FA365BABB}.XMLTest|x64.ActiveCfg = Release|Win32
		{B8BF9E81-35FD-4582-BA1C-B85FA365BABB}.XMLTesting|Win32.ActiveCfg = Release|Win32
		{B8BF9E81-35FD-4582-BA1C-B85FA365BABB}.XMLTesting|Win32.Build.0 = Release|Win32
		{B8BF9E81-35FD-4582-BA1C-B85FA365BABB}.XMLTesting|x64.ActiveCfg = Release|Win32
		{C8A3FA05-9801-475E-A117-A0F9508E0080}.Debug|Win32.ActiveCfg = Debug|Win32
		{C8A3FA05-9801-475E-A117-A0F9508E0080}.Debug|Win32.Build.0 = Debug|Win32
		{C8A3FA05-9801-475E-A117-A0F9508E0080}.Debug|x64.ActiveCfg = Debug|Win32
		{C8A3FA05-9801-475E-A117-A0F9508E0080}.Release|Win32.ActiveCfg = Release|Win32
		{C8A3FA05-9801-475E-A117-A0F9508E0080}.Release|Win32.Build.0 = Release|Win32
		{C8A3FA05-9801-475E-A117-A0F9508E0080}.Release|x64.ActiveCfg = Release|Win32
		{C8A3FA05-9801-475E-A117-A0F9508E0080}.XMLTest|Win32.ActiveCfg = Release|Win32
		{C8A3FA05-9801-475E-A117-A0F9508E0080}.XMLTest|Win32.Build.0 = Release|Win32
		{C8A3FA05-9801-475E-A117-A0F9508E0080}.XMLTest|x64.ActiveCfg = Release|Win32
		{C8A3FA05-9801-475E-A117-A0F9508E0080}.XMLTesting|Win32.ActiveCfg = Release|Win32
		{C8A3FA05-9801-475E-A117-A0F9508E0080}.XMLTesting|Win32.Build.0 = Release|Win32
		{C8A3FA05-9801-475E-A117-A0F9508E0080}.XMLTesting|x64.ActiveCfg = Release|Win32
		{BF4B8949-8455-46BE-9BEA-3F40D626B67A}.Debug|Win32.ActiveCfg = Debug|Win32
		{BF4B8949-8455-46BE-9BEA-3F40D626B67A}.Debug|Win32.Build.0 = Debug|Win32
		{BF4B8949-8455-46BE-9BEA-3F40D626B67A}.Debug|x64.ActiveCfg = Debug|Win32
		{BF4B8949-8455-46BE-9BEA-3F40D626B67A}.Release|Win32.ActiveCfg = Release|Win32
		{BF4B8949-8455-46BE-9BEA-3F40D626B67A}.Release|Win32.Build.0 = Release|Win32
		{BF4B8949-8455-46BE-9BEA-3F40D626B67A}.Release|x64.ActiveCfg = Release|Win32
		{BF4B8949-8455-46BE-9BEA-3F40D626B67A}.XMLTest|Win32.ActiveCfg = XMLTest|Win32
		{BF4B8949-8455-46BE-9BEA-3F40D626B67A}.XMLTest|Win32.Build.0 = XMLTest|Win32
		{BF4B8949-8455-46BE-9BEA-3F40D626B67A}.XMLTest|x64.ActiveCfg = XMLTest|Win32
		{BF4B8949-8455-46BE-9BEA-3F40D626B67A}.XMLTesting|Win32.ActiveCfg = XMLTesting|Win32
		{BF4B8949-8455-46BE-9BEA-3F40D626B67A}.XMLTesting|Win32.Build.0 = XMLTesting|Win32
		{BF4B8949-8455-46BE-9BEA-3F40D626B67A}.XMLTesting|x64.ActiveCfg = XMLTesting|Win32
		{1090BAAC-5FDC-4AEE-B7F6-40A99A5BAC5D}.Debug|Win32.ActiveCfg = Debug|Win32
		{1090BAAC-5FDC-4AEE-B7F6-40A99A5BAC5D}.Debug|Win32.Build.0 = Debug|Win32
		{1090BAAC-5FDC-4AEE-B7F6-40A99A5BAC5D}.Debug|x64.ActiveCfg = Debug|Win32
		{1090BAAC-5FDC-4AEE-B7F6-40A99A5BAC5D}.Release|Win32.ActiveCfg = Release|Win32
		{1090BAAC-5FDC-4AEE-B7F6-40A99A5BAC5D}.Release|Win32.Build.0 = Release|Win32
		{1090BAAC-5FDC-4AEE-B7F6-40A99A5BAC5D}.Release|x64.ActiveCfg = Release|Win32
		{1090BAAC-5FDC-4AEE-B7F6-40A99A5BAC5D}.XMLTest|Win32.ActiveCfg = Release|Win32
		{1090BAAC-5FDC-4AEE-B7F6-40A99A5BAC5D}.XMLTest|Win32.Build.0 = Release|Win32
		{1090BAAC-5FDC-4AEE-B7F6-40A99A5BAC5D}.XMLTest|x64.ActiveCfg = Release|Win32
		{1090BAAC-5FDC-4AEE-B7F6-40A99A5BAC5D}.XMLTesting|Win32.ActiveCfg = Release|Win32
		{1090BAAC-5FDC-4AEE-B7F6-40A99A5BAC5D}.XMLTesting|Win32.Build.0 = Release|Win32
		{1090BAAC-5FDC-4AEE-B7F6-40A99A5BAC5D}.XMLTesting|x64.ActiveCfg = Release|Win32
		{F4702572-8F43-4EEB-8BA3-E0424FE334EE}.Debug|Win32.ActiveCfg = Debug|Win32
		{F4702572-8F43-4EEB-8BA3-E0424FE334EE}.Debug|Win32.Build.0 = Debug|Win32
		{F4702572-8F43-4EEB-8BA3-E0424FE334EE}.Debug|x64.ActiveCfg = Debug|Win32
		{F4702572-8F43-4EEB-8BA3-E0424FE334EE}.Release|Win32.ActiveCfg = Release|Win32
		{F4702572-8F43-4EEB-8BA3-E0424FE334EE}.Release|Win32.Build.0 = Release|Win32
		{F4702572-8F43-4EEB-8BA3-E0424FE334EE}.Release|x64.ActiveCfg = Release|Win32
		{F4702572-8F43-4EEB-8BA3-E0424FE334EE}.XMLTest|Win32.ActiveCfg = Release|Win32
		{F4702572-8F43-4EEB-8BA3-E0424FE334EE}.XMLTest|Win32.Build.0 = Release|Win32
		{F4702572-8F43-4EEB-8BA3-E0424FE334EE}.XMLTest|x64.ActiveCfg = Release|Win32
		{F4702572-8F43-4EEB-8BA3-E0424FE334EE}.XMLTesting|Win32.ActiveCfg = Release|Win32
		{F4702572-8F43-4EEB-8BA3-E0424FE334EE}.XMLTesting|Win32.Build.0 = Release|Win32
		{F4702572-8F43-4EEB-8BA3-E0424FE334EE}.XMLTesting|x64.ActiveCfg = Release|Win32
		{A97682D5-F913-4872-8F59-FD3D9D2883D5}.Debug|Win32.ActiveCfg = Debug|Win32
		{A97682D5-F913-4872-8F59-FD3D9D2883D5}.Debug|Win32.Build.0 = Debug|Win32
		{A97682D5-F913-4872-8F59-FD3D9D2883D5}.Debug|x64.ActiveCfg = Debug|Win32
		{A97682D5-F913-4872-8F59-FD3D9D2883D5}.Release|Win32.ActiveCfg = Release|Win32
		{A97682D5-F913-4872-8F59-FD3D9D2883D5}.Release|Win32.Build.0 = Release|Win32
		{A97682D5-F913-4872-8F59-FD3D9D2883D5}.Release|x64.ActiveCfg = Release|Win32
		{A97682D5-F913-4872-8F59-FD3D9D2883D5}.XMLTest|Win32.ActiveCfg = Release|Win32
		{A97682D5-F913-4872-8F59-FD3D9D2883D5}.XMLTest|Win32.Build.0 = Release|Win32
		{A97682D5-F913-4872-8F59-FD3D9D2883D5}.XMLTest|x64.ActiveCfg = Release|Win32
		{A97682D5-F913-4872-8F59-FD3D9D2883D5}.XMLTesting|Win32.ActiveCfg = Release|Win32
		{A97682D5-F913-4872-8F59-FD3D9D2883D5}.XMLTesting|Win32.Build.0 = Release|Win32
		{A97682D5-F913-4872-8F59-FD3D9D2883D5}.XMLTesting|x64.ActiveCfg = Release|Win32
		{5A9980DD-D7A1-45AD-8B5C-40AA3218D388}.Debug|Win32.ActiveCfg = Debug|Win32
		{5A9980DD-D7A1-45AD-8B5C-40AA3218D388}.Debug|Win32.Build.0 = Debug|Win32
		{5A9980DD-D7A1-45AD-8B5C-40AA3218D388}.Debug|x64.ActiveCfg = Debug|Win32
		{5A9980DD-D7A1-45AD-8B5C-40AA3218D388}.Release|Win32.ActiveCfg = Release|Win32
		{5A9980DD-D7A1-45AD-8B5C-40AA3218D388}.Release|Win32.Build.0 = Release|Win32
		{5A9980DD-D7A1-45AD-8B5C-40AA3218D388}.Release|x64.ActiveCfg = Release|Win32
		{5A9980DD-D7A1-45AD-8B5C-40AA3218D388}.XMLTest|Win32.ActiveCfg = Release|Win32
		{5A9980DD-D7A1-45AD-8B5C-40AA3218D388}.XMLTest|Win32.Build.0 = Release|Win32
		{5A9980DD-D7A1-45AD-8B5C-40AA3218D388}.XMLTest|x64.ActiveCfg = Release|Win32
		{5A9980DD-D7A1-45AD-8B5C-40AA3218D388}.XMLTesting|Win32.ActiveCfg = Release|Win32
		{5A9980DD-D7A1-45AD-8B5C-40AA3218D388}.XMLTesting|Win32.Build.0 = Release|Win32
		{5A9980DD-D7A1-45AD-8B5C-40AA3218D388}.XMLTesting|x64.ActiveCfg = Release|Win32
		{46D51932-E200-454A-AFFF-4DBCF2969248}.Debug|Win32.ActiveCfg = Debug|Win32
		{46D51932-E200-454A-AFFF-4DBCF2969248}.Debug|Win32.Build.0 = Debug|Win32
		{46D51932-E200-454A-AFFF-4DBCF2969248}.Debug|x64.ActiveCfg = Debug|Win32
		{46D51932-E200-454A-AFFF-4DBCF2969248}.Release|Win32.ActiveCfg = Release|Win32
		{46D51932-E200-454A-AFFF-4DBCF2969248}.Release|Win32.Build.0 = Release|Win32
		{46D51932-E200-454A-AFFF-4DBCF2969248}.Release|x64.ActiveCfg = Release|Win32
		{46D51932-E200-454A-AFFF-4DBCF2969248}.XMLTest|Win32.ActiveCfg = Release|Win32
		{46D51932-E200-454A-AFFF-4DBCF2969248}.XMLTest|Win32.Build.0 = Release|Win32
		{46D51932-E200-454A-AFFF-4DBCF2969248}.XMLTest|x64.ActiveCfg = Release|Win32
		{46D51932-E200-454A-AFFF-4DBCF2969248}.XMLTesting|Win32.ActiveCfg = Release|Win32
		{46D51932-E200-454A-AFFF-4DBCF2969248}.XMLTesting|Win32.Build.0 = Release|Win32
		{46D51932-E200-454A-AFFF-4DBCF2969248}.XMLTesting|x64.ActiveCfg = Release|Win32
		{1D3CD5DB-BF1D-476C-BF18-BC8321007F1F}.Debug|Win32.ActiveCfg = Debug|Win32
		{1D3CD5DB-BF1D-476C-BF18-BC8321007F1F}.Debug|Win32.Build.0 = Debug|Win32
		{1D3CD5DB-BF1D-476C-BF18-BC8321007F1F}.Debug|x64.ActiveCfg = Debug|Win32
		{1D3CD5DB-BF1D-476C-BF18-BC8321007F1F}.Release|Win32.ActiveCfg = Release|Win32
		{1D3CD5DB-BF1D-476C-BF18-BC8321007F1F}.Release|Win32.Build.0 = Release|Win32
		{1D3CD5DB-BF1D-476C-BF18-BC8321007F1F}.Release|x64.ActiveCfg = Release|Win32
		{1D3CD5DB-BF1D-476C-BF18-BC8321007F1F}.XMLTest|Win32.ActiveCfg = Release|Win32
		{1D3CD5DB-BF1D-476C-BF18-BC8321007F1F}.XMLTest|Win32.Build.0 = Release|Win32
		{1D3CD5DB-BF1D-476C-BF18-BC8321007F1F}.XMLTest|x64.ActiveCfg = Release|Win32
		{1D3CD5DB-BF1D-476C-BF18-BC8321007F1F}.XMLTesting|Win32.ActiveCfg = Release|Win32
		{1D3CD5DB-BF1D-476C-BF18-BC8321007F1F}.XMLTesting|Win32.Build.0 = Release|Win32
		{1D3CD5DB-BF1D-476C-BF18-BC8321007F1F}.XMLTesting|x64.ActiveCfg = Release|Win32
	EndGlobalSection
	GlobalSection(SolutionProperties) = preSolution
		HideSolutionNode = FALSE
	EndGlobalSection
	GlobalSection(DPCodeReviewSolutionGUID) = preSolution
		DPCodeReviewSolutionGUID = {00000000-0000-0000-0000-000000000000}
	EndGlobalSection
EndGlobal
