<?xml version="1.0" encoding="utf-8"?>
<Project ToolsVersion="4.0" xmlns="http://schemas.microsoft.com/developer/msbuild/2003">
  <ItemGroup>
    <Filter Include="source">
      <UniqueIdentifier>{5ac70c9f-ee6f-4e75-ba2b-ac2df1bd0da8}</UniqueIdentifier>
      <Extensions>cpp;c;cxx;def;odl;idl;hpj;bat;asm</Extensions>
    </Filter>
    <Filter Include="include">
      <UniqueIdentifier>{6b886378-58c5-4243-a240-96d46a16fbc6}</UniqueIdentifier>
      <Extensions>h;hpp;hxx;hm;inl;inc</Extensions>
    </Filter>
    <Filter Include="resource">
      <UniqueIdentifier>{9eb589e7-f9c3-4026-a708-5d581e04190a}</UniqueIdentifier>
      <Extensions>rc;ico;cur;bmp;dlg;rc2;rct;bin;rgs;jpg;jpeg;jpe;png;manifest</Extensions>
    </Filter>
  </ItemGroup>
  <ItemGroup>
    <None Include="res\TRexPush.ico">
      <Filter>resource</Filter>
    </None>
    <None Include="..\Resources\CloseSelected.png">
      <Filter>resource</Filter>
    </None>
    <None Include="..\Resources\CloseNormal.png">
      <Filter>resource</Filter>
    </None>
    <None Include="..\Resources\HelloWorld.png">
      <Filter>resource</Filter>
    </None>
    <None Include="..\Resources\xmlparams.txt">
      <Filter>resource</Filter>
    </None>
    <None Include="..\Resources\blocks.png">
      <Filter>resource</Filter>
    </None>
    <None Include="..\Resources\Default.png">
      <Filter>resource</Filter>
    </None>
    <None Include="..\Resources\Icon.png">
      <Filter>resource</Filter>
    </None>
    <None Include="..\Resources\Icon%402x.png">
      <Filter>resource</Filter>
    </None>
    <None Include="..\Resources\Icon-72.png">
      <Filter>resource</Filter>
    </None>
    <None Include="..\Resources\Icon-Small.png">
      <Filter>resource</Filter>
    </None>
    <None Include="..\Resources\Icon-Small%402x.png">
      <Filter>resource</Filter>
    </None>
    <None Include="..\Resources\Icon-Small-50.png">
      <Filter>resource</Filter>
    </None>
    <None Include="..\Resources\Info.plist">
      <Filter>resource</Filter>
    </None>
    <None Include="..\Resources\iTunesArtwork">
      <Filter>resource</Filter>
    </None>
    <None Include="..\Resources\LevelData.plist">
      <Filter>resource</Filter>
    </None>
    <None Include="..\Resources\riggamarole.svg">
      <Filter>resource</Filter>
    </None>
    <None Include="..\Resources\star.svg">
      <Filter>resource</Filter>
    </None>
    <None Include="..\Resources\starshape.plist">
      <Filter>resource</Filter>
    </None>
    <None Include="..\Resources\starshape.xml">
      <Filter>resource</Filter>
    </None>
    <None Include="..\Resources\testxml.xml">
      <Filter>resource</Filter>
    </None>
    <None Include="..\Resources\tritest.svg">
      <Filter>resource</Filter>
    </None>
    <None Include="..\..\..\..\..\TRexBackup\TRexPushUps\cocos2d-2.0-x-2.0.3\TRexPush\Resources\maintrex.plist">
      <Filter>resource</Filter>
    </None>
  </ItemGroup>
  <ItemGroup>
    <ResourceCompile Include="TRexPush.rc">
      <Filter>resource</Filter>
    </ResourceCompile>
  </ItemGroup>
  <ItemGroup>
    <ClInclude Include="resource.h">
      <Filter>include</Filter>
    </ClInclude>
    <ClInclude Include="main.h">
      <Filter>include</Filter>
    </ClInclude>
    <ClInclude Include="..\Classes\AppDelegate.h">
      <Filter>include</Filter>
    </ClInclude>
    <ClInclude Include="..\Classes\pugiconfig.hpp">
      <Filter>include</Filter>
    </ClInclude>
    <ClInclude Include="XMLTesting.h">
      <Filter>source</Filter>
    </ClInclude>
    <ClInclude Include="..\Classes\pugixml.hpp">
      <Filter>include</Filter>
    </ClInclude>
    <ClInclude Include="..\Classes\Box2DLayer.h">
      <Filter>include</Filter>
    </ClInclude>
    <ClInclude Include="..\Classes\Constants.h">
      <Filter>include</Filter>
    </ClInclude>
    <ClInclude Include="..\Classes\GLES-Render.h">
      <Filter>include</Filter>
    </ClInclude>
    <ClInclude Include="..\Classes\PhysicsSprite.h">
      <Filter>include</Filter>
    </ClInclude>
    <ClInclude Include="..\Classes\SVGLoader.h">
      <Filter>include</Filter>
    </ClInclude>
    <ClInclude Include="..\Classes\StageSelectionLayer.h">
      <Filter>include</Filter>
    </ClInclude>
    <ClInclude Include="..\Classes\LevelSelectionLayer.h">
      <Filter>include</Filter>
    </ClInclude>
    <ClInclude Include="..\Classes\GameLayer.h">
      <Filter>include</Filter>
    </ClInclude>
    <ClInclude Include="..\Classes\GB2ShapeCache.h">
      <Filter>include</Filter>
    </ClInclude>
    <ClInclude Include="..\Classes\GB2Config.h">
      <Filter>include</Filter>
    </ClInclude>
    <ClInclude Include="..\Classes\TrexContactListener.h">
      <Filter>include</Filter>
    </ClInclude>
    <ClInclude Include="..\Classes\GameState.h">
      <Filter>include</Filter>
    </ClInclude>
  </ItemGroup>
  <ItemGroup>
    <ClCompile Include="main.cpp">
      <Filter>source</Filter>
    </ClCompile>
    <ClCompile Include="..\Classes\AppDelegate.cpp">
      <Filter>source</Filter>
    </ClCompile>
    <ClCompile Include="..\Classes\pugixml.cpp">
      <Filter>source</Filter>
    </ClCompile>
    <ClCompile Include="..\Classes\Box2DLayer.cpp">
      <Filter>source</Filter>
    </ClCompile>
    <ClCompile Include="..\Classes\Constants.cpp">
      <Filter>include</Filter>
    </ClCompile>
    <ClCompile Include="..\Classes\GLES-Render.cpp">
      <Filter>include</Filter>
    </ClCompile>
    <ClCompile Include="XMLTesting.cpp">
      <Filter>source</Filter>
    </ClCompile>
    <ClCompile Include="..\Classes\SVGLoader.cpp">
      <Filter>source</Filter>
    </ClCompile>
    <ClCompile Include="..\Classes\StageSelectionLayer.cpp">
      <Filter>source</Filter>
    </ClCompile>
    <ClCompile Include="..\Classes\LevelSelectionLayer.cpp">
      <Filter>source</Filter>
    </ClCompile>
    <ClCompile Include="..\Classes\GameLayer.cpp">
      <Filter>source</Filter>
    </ClCompile>
    <ClCompile Include="..\Classes\PhysicsSprite.cpp">
      <Filter>source</Filter>
    </ClCompile>
    <ClCompile Include="..\Classes\GB2ShapeCache.cpp">
      <Filter>source</Filter>
    </ClCompile>
    <ClCompile Include="..\Classes\TrexContactListener.cpp">
      <Filter>source</Filter>
    </ClCompile>
    <ClCompile Include="..\Classes\GameState.cpp">
      <Filter>source</Filter>
    </ClCompile>
  </ItemGroup>
</Project>