<?xml version="1.0" encoding="utf-8"?>
<Project ToolsVersion="4.0" xmlns="http://schemas.microsoft.com/developer/msbuild/2003">
  <ItemGroup>
    <Filter Include="源文件">
      <UniqueIdentifier>{4FC737F1-C7A5-4376-A066-2A32D752A2FF}</UniqueIdentifier>
      <Extensions>cpp;c;cc;cxx;def;odl;idl;hpj;bat;asm;asmx</Extensions>
    </Filter>
    <Filter Include="头文件">
      <UniqueIdentifier>{93995380-89BD-4b04-88EB-625FBE52EBFB}</UniqueIdentifier>
      <Extensions>h;hpp;hxx;hm;inl;inc;xsd</Extensions>
    </Filter>
    <Filter Include="资源文件">
      <UniqueIdentifier>{67DA6AB6-F800-4c08-8B7A-83BB121AAD01}</UniqueIdentifier>
      <Extensions>rc;ico;cur;bmp;dlg;rc2;rct;bin;rgs;gif;jpg;jpeg;jpe;resx;tiff;tif;png;wav;mfcribbon-ms</Extensions>
    </Filter>
  </ItemGroup>
  <ItemGroup>
    <None Include="ReadMe.txt" />
    <None Include="FishRoomLogo.ico">
      <Filter>资源文件</Filter>
    </None>
  </ItemGroup>
  <ItemGroup>
    <ClInclude Include="stdafx.h">
      <Filter>头文件</Filter>
    </ClInclude>
    <ClInclude Include="targetver.h">
      <Filter>头文件</Filter>
    </ClInclude>
    <ClInclude Include="resource.h">
      <Filter>头文件</Filter>
    </ClInclude>
    <ClInclude Include="FishTrunk.h">
      <Filter>头文件</Filter>
    </ClInclude>
    <ClInclude Include="..\..\..\common\DB_ConnectionGuard.h">
      <Filter>头文件</Filter>
    </ClInclude>
    <ClInclude Include="RoomMgr.h">
      <Filter>头文件</Filter>
    </ClInclude>
    <ClInclude Include="Db_Fish.h">
      <Filter>头文件</Filter>
    </ClInclude>
    <ClInclude Include="..\..\..\common\DB_Connection.h">
      <Filter>头文件</Filter>
    </ClInclude>
    <ClInclude Include="DBQuery_Fish.h">
      <Filter>头文件</Filter>
    </ClInclude>
    <ClInclude Include="FishTable.h">
      <Filter>头文件</Filter>
    </ClInclude>
    <ClInclude Include="..\..\..\PUBLIC_H\GameSkeletonID.h">
      <Filter>头文件</Filter>
    </ClInclude>
    <ClInclude Include="..\GameMsg\ProFish.h">
      <Filter>头文件</Filter>
    </ClInclude>
    <ClInclude Include="BulletMgr.h">
      <Filter>头文件</Filter>
    </ClInclude>
    <ClInclude Include="FishTraceMgr.h">
      <Filter>头文件</Filter>
    </ClInclude>
    <ClInclude Include="PartMgr.h">
      <Filter>头文件</Filter>
    </ClInclude>
    <ClInclude Include="..\..\..\common\RoomState.h">
      <Filter>头文件</Filter>
    </ClInclude>
    <ClInclude Include="Bezier3Trace.h">
      <Filter>头文件</Filter>
    </ClInclude>
    <ClInclude Include="AwardPool.h">
      <Filter>头文件</Filter>
    </ClInclude>
    <ClInclude Include="GameFactor.h">
      <Filter>头文件</Filter>
    </ClInclude>
    <ClInclude Include="GameFactorsMgr.h">
      <Filter>头文件</Filter>
    </ClInclude>
    <ClInclude Include="..\..\..\common\EndlessLoopGuard.h">
      <Filter>头文件</Filter>
    </ClInclude>
    <ClInclude Include="FishStateMgr.h">
      <Filter>头文件</Filter>
    </ClInclude>
    <ClInclude Include="..\..\..\common\TinyXml\tinystr.h">
      <Filter>头文件</Filter>
    </ClInclude>
    <ClInclude Include="..\..\..\common\TinyXml\tinyxml.h">
      <Filter>头文件</Filter>
    </ClInclude>
    <ClInclude Include="ServerCurve.h">
      <Filter>头文件</Filter>
    </ClInclude>
    <ClInclude Include="..\..\..\common\TimeInterval.h">
      <Filter>头文件</Filter>
    </ClInclude>
    <ClInclude Include="..\..\..\common\MiniDumper.h">
      <Filter>头文件</Filter>
    </ClInclude>
    <ClInclude Include="..\..\..\common\xorstr.h">
      <Filter>头文件</Filter>
    </ClInclude>
    <ClInclude Include="ConnectCenterServer.h">
      <Filter>头文件</Filter>
    </ClInclude>
    <ClInclude Include="..\..\..\common\EasyDataTime.h">
      <Filter>头文件</Filter>
    </ClInclude>
  </ItemGroup>
  <ItemGroup>
    <ClCompile Include="stdafx.cpp">
      <Filter>源文件</Filter>
    </ClCompile>
    <ClCompile Include="FishServer.cpp">
      <Filter>源文件</Filter>
    </ClCompile>
    <ClCompile Include="FishTrunk.cpp">
      <Filter>源文件</Filter>
    </ClCompile>
    <ClCompile Include="..\..\..\common\DB_ConnectionGuard.cpp">
      <Filter>源文件</Filter>
    </ClCompile>
    <ClCompile Include="RoomMgr.cpp">
      <Filter>源文件</Filter>
    </ClCompile>
    <ClCompile Include="Db_Fish.cpp">
      <Filter>源文件</Filter>
    </ClCompile>
    <ClCompile Include="..\..\..\common\DB_Connection.cpp">
      <Filter>源文件</Filter>
    </ClCompile>
    <ClCompile Include="DBQuery_Fish.cpp">
      <Filter>源文件</Filter>
    </ClCompile>
    <ClCompile Include="FishTable.cpp">
      <Filter>源文件</Filter>
    </ClCompile>
    <ClCompile Include="BulletMgr.cpp">
      <Filter>源文件</Filter>
    </ClCompile>
    <ClCompile Include="FishTraceMgr.cpp">
      <Filter>源文件</Filter>
    </ClCompile>
    <ClCompile Include="PartMgr.cpp">
      <Filter>源文件</Filter>
    </ClCompile>
    <ClCompile Include="..\..\..\common\RoomState.cpp">
      <Filter>源文件</Filter>
    </ClCompile>
    <ClCompile Include="Bezier3Trace.cpp">
      <Filter>源文件</Filter>
    </ClCompile>
    <ClCompile Include="AwardPool.cpp">
      <Filter>源文件</Filter>
    </ClCompile>
    <ClCompile Include="GameFactor.cpp">
      <Filter>源文件</Filter>
    </ClCompile>
    <ClCompile Include="GameFactorsMgr.cpp">
      <Filter>源文件</Filter>
    </ClCompile>
    <ClCompile Include="..\..\..\common\EndlessLoopGuard.cpp">
      <Filter>源文件</Filter>
    </ClCompile>
    <ClCompile Include="FishStateMgr.cpp">
      <Filter>源文件</Filter>
    </ClCompile>
    <ClCompile Include="..\..\..\common\TinyXml\tinystr.cpp">
      <Filter>源文件</Filter>
    </ClCompile>
    <ClCompile Include="..\..\..\common\TinyXml\tinyxml.cpp">
      <Filter>源文件</Filter>
    </ClCompile>
    <ClCompile Include="..\..\..\common\TinyXml\tinyxmlerror.cpp">
      <Filter>源文件</Filter>
    </ClCompile>
    <ClCompile Include="..\..\..\common\TinyXml\tinyxmlparser.cpp">
      <Filter>源文件</Filter>
    </ClCompile>
    <ClCompile Include="ServerCurve.cpp">
      <Filter>源文件</Filter>
    </ClCompile>
    <ClCompile Include="..\..\..\common\TimeInterval.cpp">
      <Filter>源文件</Filter>
    </ClCompile>
    <ClCompile Include="..\..\..\common\MiniDumper.cpp">
      <Filter>源文件</Filter>
    </ClCompile>
    <ClCompile Include="ConnectCenterServer.cpp">
      <Filter>源文件</Filter>
    </ClCompile>
    <ClCompile Include="..\..\..\common\EasyDataTime.cpp">
      <Filter>源文件</Filter>
    </ClCompile>
  </ItemGroup>
  <ItemGroup>
    <ResourceCompile Include="FishServer.rc">
      <Filter>资源文件</Filter>
    </ResourceCompile>
  </ItemGroup>
</Project>