<?xml version="1.0" encoding="utf-8"?>
<Project ToolsVersion="4.0" xmlns="http://schemas.microsoft.com/developer/msbuild/2003">
  <ItemGroup>
    <Filter Include="源文件">
      <UniqueIdentifier>{4FC737F1-C7A5-4376-A066-2A32D752A2FF}</UniqueIdentifier>
      <Extensions>cpp;c;cc;cxx;def;odl;idl;hpj;bat;asm;asmx</Extensions>
    </Filter>
    <Filter Include="头文件">
      <UniqueIdentifier>{93995380-89BD-4b04-88EB-625FBE52EBFB}</UniqueIdentifier>
      <Extensions>h;hpp;hxx;hm;inl;inc;xsd</Extensions>
    </Filter>
    <Filter Include="资源文件">
      <UniqueIdentifier>{67DA6AB6-F800-4c08-8B7A-83BB121AAD01}</UniqueIdentifier>
      <Extensions>rc;ico;cur;bmp;dlg;rc2;rct;bin;rgs;gif;jpg;jpeg;jpe;resx;tiff;tif;png;wav;mfcribbon-ms</Extensions>
    </Filter>
    <Filter Include="tinyxml">
      <UniqueIdentifier>{bd7068be-f335-443c-939b-21531e96104d}</UniqueIdentifier>
    </Filter>
    <Filter Include="Utility">
      <UniqueIdentifier>{2840f8ae-2482-44bf-9319-950d23e75c0b}</UniqueIdentifier>
    </Filter>
  </ItemGroup>
  <ItemGroup>
    <None Include="ReadMe.txt" />
    <None Include="res\file_view.ico">
      <Filter>资源文件</Filter>
    </None>
    <None Include="res\file_view_hc.ico">
      <Filter>资源文件</Filter>
    </None>
    <None Include="res\class_view.ico">
      <Filter>资源文件</Filter>
    </None>
    <None Include="res\class_view_hc.ico">
      <Filter>资源文件</Filter>
    </None>
    <None Include="res\fileview.bmp">
      <Filter>资源文件</Filter>
    </None>
    <None Include="res\fileview_hc.bmp">
      <Filter>资源文件</Filter>
    </None>
    <None Include="res\classview.bmp">
      <Filter>资源文件</Filter>
    </None>
    <None Include="res\classview_hc.bmp">
      <Filter>资源文件</Filter>
    </None>
    <None Include="res\explorer.bmp">
      <Filter>资源文件</Filter>
    </None>
    <None Include="res\explorer_hc.bmp">
      <Filter>资源文件</Filter>
    </None>
    <None Include="res\sort.bmp">
      <Filter>资源文件</Filter>
    </None>
    <None Include="res\sort_hc.bmp">
      <Filter>资源文件</Filter>
    </None>
    <None Include="res\menuimages.bmp">
      <Filter>资源文件</Filter>
    </None>
    <None Include="res\menuimages_hc.bmp">
      <Filter>资源文件</Filter>
    </None>
    <None Include="res\output_wnd.ico">
      <Filter>资源文件</Filter>
    </None>
    <None Include="res\output_wnd_hc.ico">
      <Filter>资源文件</Filter>
    </None>
    <None Include="res\properties_wnd.ico">
      <Filter>资源文件</Filter>
    </None>
    <None Include="res\properties_wnd_hc.ico">
      <Filter>资源文件</Filter>
    </None>
    <None Include="res\properties.bmp">
      <Filter>资源文件</Filter>
    </None>
    <None Include="res\properties_hc.bmp">
      <Filter>资源文件</Filter>
    </None>
    <None Include="res\nav_large.bmp">
      <Filter>资源文件</Filter>
    </None>
    <None Include="res\nav_large_hc.bmp">
      <Filter>资源文件</Filter>
    </None>
    <None Include="res\pages.bmp">
      <Filter>资源文件</Filter>
    </None>
    <None Include="res\pages_hc.bmp">
      <Filter>资源文件</Filter>
    </None>
    <None Include="res\pages_small.bmp">
      <Filter>资源文件</Filter>
    </None>
    <None Include="res\pages_small_hc.bmp">
      <Filter>资源文件</Filter>
    </None>
    <None Include="UserImages.bmp">
      <Filter>资源文件</Filter>
    </None>
    <None Include="res\Cocos_Action_Editor_MFC.rc2">
      <Filter>资源文件</Filter>
    </None>
    <None Include="res\Cocos_Action_Editor_MFCDoc.ico">
      <Filter>资源文件</Filter>
    </None>
    <None Include="res\Cocos_Action_Editor_MFC.ico">
      <Filter>资源文件</Filter>
    </None>
    <None Include="res\Toolbar.bmp">
      <Filter>资源文件</Filter>
    </None>
    <None Include="res\Toolbar256.bmp">
      <Filter>资源文件</Filter>
    </None>
  </ItemGroup>
  <ItemGroup>
    <ClInclude Include="Cocos_Action_Editor_MFC.h">
      <Filter>头文件</Filter>
    </ClInclude>
    <ClInclude Include="stdafx.h">
      <Filter>头文件</Filter>
    </ClInclude>
    <ClInclude Include="targetver.h">
      <Filter>头文件</Filter>
    </ClInclude>
    <ClInclude Include="MainFrm.h">
      <Filter>头文件</Filter>
    </ClInclude>
    <ClInclude Include="Cocos_Action_Editor_MFCDoc.h">
      <Filter>头文件</Filter>
    </ClInclude>
    <ClInclude Include="Cocos_Action_Editor_MFCView.h">
      <Filter>头文件</Filter>
    </ClInclude>
    <ClInclude Include="Resource.h">
      <Filter>头文件</Filter>
    </ClInclude>
    <ClInclude Include="FileView.h">
      <Filter>头文件</Filter>
    </ClInclude>
    <ClInclude Include="ViewTree.h">
      <Filter>头文件</Filter>
    </ClInclude>
    <ClInclude Include="OutputWnd.h">
      <Filter>头文件</Filter>
    </ClInclude>
    <ClInclude Include="PropertiesWnd.h">
      <Filter>头文件</Filter>
    </ClInclude>
    <ClInclude Include="AppDelegate.h">
      <Filter>头文件</Filter>
    </ClInclude>
    <ClInclude Include="HelloWorldScene.h">
      <Filter>头文件</Filter>
    </ClInclude>
    <ClInclude Include="Utility.h">
      <Filter>头文件</Filter>
    </ClInclude>
    <ClInclude Include="tinyxml\tinystr.h">
      <Filter>tinyxml</Filter>
    </ClInclude>
    <ClInclude Include="tinyxml\tinyxml.h">
      <Filter>tinyxml</Filter>
    </ClInclude>
    <ClInclude Include="CBase64.h">
      <Filter>头文件</Filter>
    </ClInclude>
    <ClInclude Include="NumbericEdit.h">
      <Filter>头文件</Filter>
    </ClInclude>
    <ClInclude Include="Cocos_Partical_Editor_MFCDlg.h">
      <Filter>头文件</Filter>
    </ClInclude>
    <ClInclude Include="..\SIX_Framework\Shared_Interface\SIX_Utility.h">
      <Filter>Utility</Filter>
    </ClInclude>
    <ClInclude Include="..\SIX_Framework\Shared_Interface\SIX_XMLParser.h">
      <Filter>Utility</Filter>
    </ClInclude>
  </ItemGroup>
  <ItemGroup>
    <ClCompile Include="Cocos_Action_Editor_MFC.cpp">
      <Filter>源文件</Filter>
    </ClCompile>
    <ClCompile Include="stdafx.cpp">
      <Filter>源文件</Filter>
    </ClCompile>
    <ClCompile Include="MainFrm.cpp">
      <Filter>源文件</Filter>
    </ClCompile>
    <ClCompile Include="Cocos_Action_Editor_MFCDoc.cpp">
      <Filter>源文件</Filter>
    </ClCompile>
    <ClCompile Include="Cocos_Action_Editor_MFCView.cpp">
      <Filter>源文件</Filter>
    </ClCompile>
    <ClCompile Include="FileView.cpp">
      <Filter>源文件</Filter>
    </ClCompile>
    <ClCompile Include="ViewTree.cpp">
      <Filter>源文件</Filter>
    </ClCompile>
    <ClCompile Include="OutputWnd.cpp">
      <Filter>源文件</Filter>
    </ClCompile>
    <ClCompile Include="PropertiesWnd.cpp">
      <Filter>源文件</Filter>
    </ClCompile>
    <ClCompile Include="AppDelegate.cpp">
      <Filter>源文件</Filter>
    </ClCompile>
    <ClCompile Include="HelloWorldScene.cpp">
      <Filter>源文件</Filter>
    </ClCompile>
    <ClCompile Include="tinyxml\tinystr.cpp">
      <Filter>tinyxml</Filter>
    </ClCompile>
    <ClCompile Include="tinyxml\tinyxml.cpp">
      <Filter>tinyxml</Filter>
    </ClCompile>
    <ClCompile Include="tinyxml\tinyxmlerror.cpp">
      <Filter>tinyxml</Filter>
    </ClCompile>
    <ClCompile Include="tinyxml\tinyxmlparser.cpp">
      <Filter>tinyxml</Filter>
    </ClCompile>
    <ClCompile Include="CBase64.cpp">
      <Filter>源文件</Filter>
    </ClCompile>
    <ClCompile Include="NumbericEdit.cpp">
      <Filter>源文件</Filter>
    </ClCompile>
    <ClCompile Include="Cocos_Partical_Editor_MFCDlg.cpp">
      <Filter>源文件</Filter>
    </ClCompile>
    <ClCompile Include="Cocos_Partical_Editor_Modes_Dlg.cpp">
      <Filter>源文件</Filter>
    </ClCompile>
    <ClCompile Include="..\SIX_Framework\Shared_Interface\SIX_Utility.cpp">
      <Filter>Utility</Filter>
    </ClCompile>
    <ClCompile Include="..\SIX_Framework\Shared_Interface\SIX_XMLParser.cpp">
      <Filter>Utility</Filter>
    </ClCompile>
  </ItemGroup>
  <ItemGroup>
    <ResourceCompile Include="Cocos_Action_Editor_MFC.rc">
      <Filter>资源文件</Filter>
    </ResourceCompile>
  </ItemGroup>
</Project>